<?xml version="1.0" encoding="utf-8"?>
<Project ToolsVersion="4.0" xmlns="http://schemas.microsoft.com/developer/msbuild/2003">
  <ItemGroup>
    <Filter Include="Source Files">
      <UniqueIdentifier>{4FC737F1-C7A5-4376-A066-2A32D752A2FF}</UniqueIdentifier>
      <Extensions>cpp;c;cc;cxx;def;odl;idl;hpj;bat;asm;asmx</Extensions>
    </Filter>
    <Filter Include="Header Files">
      <UniqueIdentifier>{93995380-89BD-4b04-88EB-625FBE52EBFB}</UniqueIdentifier>
      <Extensions>h;hh;hpp;hxx;hm;inl;inc;xsd</Extensions>
    </Filter>
    <Filter Include="Resource Files">
      <UniqueIdentifier>{67DA6AB6-F800-4c08-8B7A-83BB121AAD01}</UniqueIdentifier>
      <Extensions>rc;ico;cur;bmp;dlg;rc2;rct;bin;rgs;gif;jpg;jpeg;jpe;resx;tiff;tif;png;wav;mfcribbon-ms</Extensions>
    </Filter>
  </ItemGroup>
  <ItemGroup>
    <ClCompile Include="src\App.cpp">
      <Filter>Source Files</Filter>
    </ClCompile>
    <ClCompile Include="src\GPU.cpp">
      <Filter>Source Files</Filter>
    </ClCompile>
    <ClCompile Include="src\scene\armature\Armature.cpp">
      <Filter>Source Files</Filter>
    </ClCompile>
    <ClCompile Include="src\scene\armature\Bone.cpp">
      <Filter>Source Files</Filter>
    </ClCompile>
    <ClCompile Include="src\scene\AssetLoader.cpp">
      <Filter>Source Files</Filter>
    </ClCompile>
    <ClCompile Include="src\scene\stage\Camera.cpp">
      <Filter>Source Files</Filter>
    </ClCompile>
    <ClCompile Include="src\Config.cpp">
      <Filter>Source Files</Filter>
    </ClCompile>
    <ClCompile Include="src\dep\glad.c">
      <Filter>Source Files</Filter>
    </ClCompile>
    <ClCompile Include="src\dep\stb_image.cpp">
      <Filter>Source Files</Filter>
    </ClCompile>
    <ClCompile Include="src\Logger.cpp">
      <Filter>Source Files</Filter>
    </ClCompile>
    <ClCompile Include="src\scene\mesh\Mesh.cpp">
      <Filter>Source Files</Filter>
    </ClCompile>
    <ClCompile Include="src\scene\stage\Actor.cpp">
      <Filter>Source Files</Filter>
    </ClCompile>
    <ClCompile Include="src\scene\Scene.cpp">
      <Filter>Source Files</Filter>
    </ClCompile>
    <ClCompile Include="src\scene\stage\RenderCommand.cpp">
      <Filter>Source Files</Filter>
    </ClCompile>
    <ClCompile Include="src\scene\stage\Stage.cpp">
      <Filter>Source Files</Filter>
    </ClCompile>
    <ClCompile Include="src\scene\stage\Transform.cpp">
      <Filter>Source Files</Filter>
    </ClCompile>
    <ClCompile Include="src\scene\mesh\Vertex.cpp">
      <Filter>Source Files</Filter>
    </ClCompile>
    <ClCompile Include="src\Window.cpp">
      <Filter>Source Files</Filter>
    </ClCompile>
    <ClCompile Include="src\scene\stage\CollisionWorld.cpp">
      <Filter>Source Files</Filter>
    </ClCompile>
    <ClCompile Include="src\CollisionDebugDrawer.cpp">
      <Filter>Source Files</Filter>
    </ClCompile>
    <ClCompile Include="src\dep\imgui\imgui.cpp">
      <Filter>Source Files</Filter>
    </ClCompile>
    <ClCompile Include="src\dep\imgui\imgui_draw.cpp">
      <Filter>Source Files</Filter>
    </ClCompile>
    <ClCompile Include="src\dep\imgui\imgui_widgets.cpp">
      <Filter>Source Files</Filter>
    </ClCompile>
    <ClCompile Include="src\dep\imgui\imgui_impl_glfw.cpp">
      <Filter>Source Files</Filter>
    </ClCompile>
    <ClCompile Include="src\dep\imgui\imgui_impl_opengl3.cpp">
      <Filter>Source Files</Filter>
    </ClCompile>
    <ClCompile Include="src\scene\stage\Sensor.cpp">
      <Filter>Source Files</Filter>
    </ClCompile>
    <ClCompile Include="src\helpers\functions.cpp">
      <Filter>Source Files</Filter>
    </ClCompile>
    <ClCompile Include="src\helpers\Tweener.cpp">
      <Filter>Source Files</Filter>
    </ClCompile>
  </ItemGroup>
  <ItemGroup>
    <ClInclude Include="inc\App.h">
      <Filter>Header Files</Filter>
    </ClInclude>
    <ClInclude Include="inc\GPU.h">
      <Filter>Header Files</Filter>
    </ClInclude>
    <ClInclude Include="inc\scene\animation\Animation.h">
      <Filter>Header Files</Filter>
    </ClInclude>
    <ClInclude Include="inc\scene\armature\Armature.h">
      <Filter>Header Files</Filter>
    </ClInclude>
    <ClInclude Include="inc\scene\animation\Channel.h">
      <Filter>Header Files</Filter>
    </ClInclude>
    <ClInclude Include="inc\scene\armature\Bone.h">
      <Filter>Header Files</Filter>
    </ClInclude>
    <ClInclude Include="inc\scene\AssetLoader.h">
      <Filter>Header Files</Filter>
    </ClInclude>
    <ClInclude Include="inc\scene\mesh\Bone.h">
      <Filter>Header Files</Filter>
    </ClInclude>
    <ClInclude Include="inc\scene\mesh\VertexBoneData.h">
      <Filter>Header Files</Filter>
    </ClInclude>
    <ClInclude Include="inc\scene\stage\Camera.h">
      <Filter>Header Files</Filter>
    </ClInclude>
    <ClInclude Include="inc\Config.h">
      <Filter>Header Files</Filter>
    </ClInclude>
    <ClInclude Include="inc\helpers.h">
      <Filter>Header Files</Filter>
    </ClInclude>
    <ClInclude Include="inc\scene\stage\Controller.h">
      <Filter>Header Files</Filter>
    </ClInclude>
    <ClInclude Include="inc\scene\stage\RenderCommand.h">
      <Filter>Header Files</Filter>
    </ClInclude>
    <ClInclude Include="inc\InputState.h">
      <Filter>Header Files</Filter>
    </ClInclude>
    <ClInclude Include="inc\Logger.h">
      <Filter>Header Files</Filter>
    </ClInclude>
    <ClInclude Include="inc\scene\mesh\Mesh.h">
      <Filter>Header Files</Filter>
    </ClInclude>
    <ClInclude Include="inc\scene\stage\Actor.h">
      <Filter>Header Files</Filter>
    </ClInclude>
    <ClInclude Include="inc\scene\mesh\Renderable.h">
      <Filter>Header Files</Filter>
    </ClInclude>
    <ClInclude Include="inc\scene\Scene.h">
      <Filter>Header Files</Filter>
    </ClInclude>
    <ClInclude Include="inc\scene\Shader.h">
      <Filter>Header Files</Filter>
    </ClInclude>
    <ClInclude Include="inc\scene\mesh\Texture.h">
      <Filter>Header Files</Filter>
    </ClInclude>
    <ClInclude Include="inc\scene\stage\Transform.h">
      <Filter>Header Files</Filter>
    </ClInclude>
    <ClInclude Include="inc\scene\mesh\Vertex.h">
      <Filter>Header Files</Filter>
    </ClInclude>
    <ClInclude Include="inc\Window.h">
      <Filter>Header Files</Filter>
    </ClInclude>
    <ClInclude Include="inc\scene\stage\Stage.h">
      <Filter>Header Files</Filter>
    </ClInclude>
    <ClInclude Include="inc\vel\scene\animation\Animation.h">
      <Filter>Header Files</Filter>
    </ClInclude>
    <ClInclude Include="inc\vel\scene\animation\Channel.h">
      <Filter>Header Files</Filter>
    </ClInclude>
    <ClInclude Include="inc\vel\scene\armature\Armature.h">
      <Filter>Header Files</Filter>
    </ClInclude>
    <ClInclude Include="inc\vel\scene\armature\Bone.h">
      <Filter>Header Files</Filter>
    </ClInclude>
    <ClInclude Include="inc\vel\scene\mesh\Bone.h">
      <Filter>Header Files</Filter>
    </ClInclude>
    <ClInclude Include="inc\vel\scene\mesh\Mesh.h">
      <Filter>Header Files</Filter>
    </ClInclude>
    <ClInclude Include="inc\vel\scene\mesh\Renderable.h">
      <Filter>Header Files</Filter>
    </ClInclude>
    <ClInclude Include="inc\vel\scene\mesh\Texture.h">
      <Filter>Header Files</Filter>
    </ClInclude>
    <ClInclude Include="inc\vel\scene\mesh\Vertex.h">
      <Filter>Header Files</Filter>
    </ClInclude>
    <ClInclude Include="inc\vel\scene\mesh\VertexBoneData.h">
      <Filter>Header Files</Filter>
    </ClInclude>
    <ClInclude Include="inc\vel\scene\stage\Actor.h">
      <Filter>Header Files</Filter>
    </ClInclude>
    <ClInclude Include="inc\vel\scene\stage\Camera.h">
      <Filter>Header Files</Filter>
    </ClInclude>
    <ClInclude Include="inc\vel\scene\stage\RenderCommand.h">
      <Filter>Header Files</Filter>
    </ClInclude>
    <ClInclude Include="inc\vel\scene\stage\Stage.h">
      <Filter>Header Files</Filter>
    </ClInclude>
    <ClInclude Include="inc\vel\scene\stage\Transform.h">
      <Filter>Header Files</Filter>
    </ClInclude>
    <ClInclude Include="inc\vel\scene\AssetLoader.h">
      <Filter>Header Files</Filter>
    </ClInclude>
    <ClInclude Include="inc\vel\scene\Scene.h">
      <Filter>Header Files</Filter>
    </ClInclude>
    <ClInclude Include="inc\vel\scene\Shader.h">
      <Filter>Header Files</Filter>
    </ClInclude>
    <ClInclude Include="inc\vel\App.h">
      <Filter>Header Files</Filter>
    </ClInclude>
    <ClInclude Include="inc\vel\Config.h">
      <Filter>Header Files</Filter>
    </ClInclude>
    <ClInclude Include="inc\vel\GPU.h">
      <Filter>Header Files</Filter>
    </ClInclude>
    <ClInclude Include="inc\vel\InputState.h">
      <Filter>Header Files</Filter>
    </ClInclude>
    <ClInclude Include="inc\vel\Logger.h">
      <Filter>Header Files</Filter>
    </ClInclude>
    <ClInclude Include="inc\vel\Window.h">
      <Filter>Header Files</Filter>
    </ClInclude>
    <ClInclude Include="inc\vel\scene\stage\CollisionWorld.h">
      <Filter>Header Files</Filter>
    </ClInclude>
    <ClInclude Include="inc\vel\CollisionDebugDrawer.h">
      <Filter>Header Files</Filter>
    </ClInclude>
    <ClInclude Include="inc\vel\scene\stage\Sensor.h">
      <Filter>Header Files</Filter>
    </ClInclude>
    <ClInclude Include="inc\vel\scene\armature\ActiveAnimation.h">
      <Filter>Header Files</Filter>
    </ClInclude>
    <ClInclude Include="inc\vel\scene\stage\TRS.h">
      <Filter>Header Files</Filter>
    </ClInclude>
    <ClInclude Include="inc\vel\helpers\functions.h">
      <Filter>Header Files</Filter>
    </ClInclude>
    <ClInclude Include="inc\vel\helpers\Tweener.h">
      <Filter>Header Files</Filter>
    </ClInclude>
  </ItemGroup>
</Project>